<Solution>
  <Project Path="AuthService/AuthService.csproj" />
  <Project Path="CreditService/CreditService.csproj" />
  <Project Path="AssetService/AssetService.csproj" />
  <Project Path="ApiGateway/ApiGateway.csproj" />
  <Project Path="CreditService.Tests/CreditService.Tests.csproj" />
</Solution>
